// !$*UTF8*$!
{
	archiveVersion = 1;
	classes = {
	};
	objectVersion = 51;
	objects = {

/* Begin PBXBuildFile section */
		02979AA427C8184500C11252 /* AppDelegate.swift in Sources */ = {isa = PBXBuildFile; fileRef = 02979AA327C8184500C11252 /* AppDelegate.swift */; };
		02979AA627C8184500C11252 /* SceneDelegate.swift in Sources */ = {isa = PBXBuildFile; fileRef = 02979AA527C8184500C11252 /* SceneDelegate.swift */; };
		02979AA827C8184500C11252 /* ViewController.swift in Sources */ = {isa = PBXBuildFile; fileRef = 02979AA727C8184500C11252 /* ViewController.swift */; };
		02979AAB27C8184500C11252 /* Main.storyboard in Resources */ = {isa = PBXBuildFile; fileRef = 02979AA927C8184500C11252 /* Main.storyboard */; };
		02979AAE27C8184500C11252 /* Workshop_app.xcdatamodeld in Sources */ = {isa = PBXBuildFile; fileRef = 02979AAC27C8184500C11252 /* Workshop_app.xcdatamodeld */; };
		02979AB027C8184700C11252 /* Assets.xcassets in Resources */ = {isa = PBXBuildFile; fileRef = 02979AAF27C8184700C11252 /* Assets.xcassets */; };
		02979AB327C8184700C11252 /* LaunchScreen.storyboard in Resources */ = {isa = PBXBuildFile; fileRef = 02979AB127C8184700C11252 /* LaunchScreen.storyboard */; };
		595A040A27C8BE3A00ECC36E /* MenuResponse.swift in Sources */ = {isa = PBXBuildFile; fileRef = 595A040927C8BE3A00ECC36E /* MenuResponse.swift */; };
		595A040C27C8BE8400ECC36E /* CategoriesResponse.swift in Sources */ = {isa = PBXBuildFile; fileRef = 595A040B27C8BE8400ECC36E /* CategoriesResponse.swift */; };
		595A040E27C8C16100ECC36E /* Order.swift in Sources */ = {isa = PBXBuildFile; fileRef = 595A040D27C8C16100ECC36E /* Order.swift */; };
		595A041027C8C63800ECC36E /* OrderResponse.swift in Sources */ = {isa = PBXBuildFile; fileRef = 595A040F27C8C63800ECC36E /* OrderResponse.swift */; };
		595A041227C8C81200ECC36E /* CategoriesTableViewController.swift in Sources */ = {isa = PBXBuildFile; fileRef = 595A041127C8C81200ECC36E /* CategoriesTableViewController.swift */; };
		595A041427C8C82800ECC36E /* OrdersTableViewController.swift in Sources */ = {isa = PBXBuildFile; fileRef = 595A041327C8C82800ECC36E /* OrdersTableViewController.swift */; };
		595A041727C8C98800ECC36E /* MenuTableViewController.swift in Sources */ = {isa = PBXBuildFile; fileRef = 595A041627C8C98800ECC36E /* MenuTableViewController.swift */; };
		595A041927C8CB2C00ECC36E /* MenuController.swift in Sources */ = {isa = PBXBuildFile; fileRef = 595A041827C8CB2C00ECC36E /* MenuController.swift */; };
		A416CE96B2A050B8980ABDFD /* Pods_Workshop_app.framework in Frameworks */ = {isa = PBXBuildFile; fileRef = 3B399B0EC259439426BEE5D9 /* Pods_Workshop_app.framework */; };
/* End PBXBuildFile section */

/* Begin PBXFileReference section */
		02979AA027C8184500C11252 /* Workshop app.app */ = {isa = PBXFileReference; explicitFileType = wrapper.application; includeInIndex = 0; path = "Workshop app.app"; sourceTree = BUILT_PRODUCTS_DIR; };
		02979AA327C8184500C11252 /* AppDelegate.swift */ = {isa = PBXFileReference; lastKnownFileType = sourcecode.swift; path = AppDelegate.swift; sourceTree = "<group>"; };
		02979AA527C8184500C11252 /* SceneDelegate.swift */ = {isa = PBXFileReference; lastKnownFileType = sourcecode.swift; path = SceneDelegate.swift; sourceTree = "<group>"; };
		02979AA727C8184500C11252 /* ViewController.swift */ = {isa = PBXFileReference; lastKnownFileType = sourcecode.swift; path = ViewController.swift; sourceTree = "<group>"; };
		02979AAA27C8184500C11252 /* Base */ = {isa = PBXFileReference; lastKnownFileType = file.storyboard; name = Base; path = Base.lproj/Main.storyboard; sourceTree = "<group>"; };
		02979AAD27C8184500C11252 /* Workshop_app.xcdatamodel */ = {isa = PBXFileReference; lastKnownFileType = wrapper.xcdatamodel; path = Workshop_app.xcdatamodel; sourceTree = "<group>"; };
		02979AAF27C8184700C11252 /* Assets.xcassets */ = {isa = PBXFileReference; lastKnownFileType = folder.assetcatalog; path = Assets.xcassets; sourceTree = "<group>"; };
		02979AB227C8184700C11252 /* Base */ = {isa = PBXFileReference; lastKnownFileType = file.storyboard; name = Base; path = Base.lproj/LaunchScreen.storyboard; sourceTree = "<group>"; };
		02979AB427C8184700C11252 /* Info.plist */ = {isa = PBXFileReference; lastKnownFileType = text.plist.xml; path = Info.plist; sourceTree = "<group>"; };
		3B399B0EC259439426BEE5D9 /* Pods_Workshop_app.framework */ = {isa = PBXFileReference; explicitFileType = wrapper.framework; includeInIndex = 0; path = Pods_Workshop_app.framework; sourceTree = BUILT_PRODUCTS_DIR; };
		595A040927C8BE3A00ECC36E /* MenuResponse.swift */ = {isa = PBXFileReference; lastKnownFileType = sourcecode.swift; path = MenuResponse.swift; sourceTree = "<group>"; };
		595A040B27C8BE8400ECC36E /* CategoriesResponse.swift */ = {isa = PBXFileReference; lastKnownFileType = sourcecode.swift; path = CategoriesResponse.swift; sourceTree = "<group>"; };
		595A040D27C8C16100ECC36E /* Order.swift */ = {isa = PBXFileReference; lastKnownFileType = sourcecode.swift; path = Order.swift; sourceTree = "<group>"; };
		595A040F27C8C63800ECC36E /* OrderResponse.swift */ = {isa = PBXFileReference; lastKnownFileType = sourcecode.swift; path = OrderResponse.swift; sourceTree = "<group>"; };
		595A041127C8C81200ECC36E /* CategoriesTableViewController.swift */ = {isa = PBXFileReference; lastKnownFileType = sourcecode.swift; path = CategoriesTableViewController.swift; sourceTree = "<group>"; };
		595A041327C8C82800ECC36E /* OrdersTableViewController.swift */ = {isa = PBXFileReference; lastKnownFileType = sourcecode.swift; path = OrdersTableViewController.swift; sourceTree = "<group>"; };
		595A041627C8C98800ECC36E /* MenuTableViewController.swift */ = {isa = PBXFileReference; lastKnownFileType = sourcecode.swift; path = MenuTableViewController.swift; sourceTree = "<group>"; };
		595A041827C8CB2C00ECC36E /* MenuController.swift */ = {isa = PBXFileReference; lastKnownFileType = sourcecode.swift; path = MenuController.swift; sourceTree = "<group>"; };
		9DE23014358B5C9BCC0E0DCB /* Pods-Workshop app.debug.xcconfig */ = {isa = PBXFileReference; includeInIndex = 1; lastKnownFileType = text.xcconfig; name = "Pods-Workshop app.debug.xcconfig"; path = "Target Support Files/Pods-Workshop app/Pods-Workshop app.debug.xcconfig"; sourceTree = "<group>"; };
		F0D025A1B9D7434F867AC6CC /* Pods-Workshop app.release.xcconfig */ = {isa = PBXFileReference; includeInIndex = 1; lastKnownFileType = text.xcconfig; name = "Pods-Workshop app.release.xcconfig"; path = "Target Support Files/Pods-Workshop app/Pods-Workshop app.release.xcconfig"; sourceTree = "<group>"; };
/* End PBXFileReference section */

/* Begin PBXFrameworksBuildPhase section */
		02979A9D27C8184500C11252 /* Frameworks */ = {
			isa = PBXFrameworksBuildPhase;
			buildActionMask = 2147483647;
			files = (
				A416CE96B2A050B8980ABDFD /* Pods_Workshop_app.framework in Frameworks */,
			);
			runOnlyForDeploymentPostprocessing = 0;
		};
/* End PBXFrameworksBuildPhase section */

/* Begin PBXGroup section */
		02979A9727C8184500C11252 = {
			isa = PBXGroup;
			children = (
				02979AA227C8184500C11252 /* Workshop app */,
				02979AB427C8184700C11252 /* Info.plist */,
				02979AA127C8184500C11252 /* Products */,
				D553B4AE8E2655A08D33BE5F /* Pods */,
				1BE8CD5DB3F7B9464FB039EC /* Frameworks */,
			);
			sourceTree = "<group>";
		};
		02979AA127C8184500C11252 /* Products */ = {
			isa = PBXGroup;
			children = (
				02979AA027C8184500C11252 /* Workshop app.app */,
			);
			name = Products;
			sourceTree = "<group>";
		};
		02979AA227C8184500C11252 /* Workshop app */ = {
			isa = PBXGroup;
			children = (
				02979ABB27C81AC500C11252 /* Storyboards */,
				02979ABA27C81AA700C11252 /* Model */,
				02979AC027C81B9000C11252 /* Services */,
				02979ABC27C81AE000C11252 /* Configuration */,
				02979ABE27C81B2200C11252 /* Core */,
				02979ABD27C81AFF00C11252 /* Resources */,
				02979AA727C8184500C11252 /* ViewController.swift */,
				595A041527C8C82E00ECC36E /* Scene */,
				595A041A27C8CB2F00ECC36E /* Networking */,
			);
			path = "Workshop app";
			sourceTree = "<group>";
		};
		02979ABA27C81AA700C11252 /* Model */ = {
			isa = PBXGroup;
			children = (
				595A040927C8BE3A00ECC36E /* MenuResponse.swift */,
				595A040B27C8BE8400ECC36E /* CategoriesResponse.swift */,
				595A040D27C8C16100ECC36E /* Order.swift */,
				595A040F27C8C63800ECC36E /* OrderResponse.swift */,
			);
			path = Model;
			sourceTree = "<group>";
		};
		02979ABB27C81AC500C11252 /* Storyboards */ = {
			isa = PBXGroup;
			children = (
				02979AA927C8184500C11252 /* Main.storyboard */,
			);
			path = Storyboards;
			sourceTree = "<group>";
		};
		02979ABC27C81AE000C11252 /* Configuration */ = {
			isa = PBXGroup;
			children = (
			);
			path = Configuration;
			sourceTree = "<group>";
		};
		02979ABD27C81AFF00C11252 /* Resources */ = {
			isa = PBXGroup;
			children = (
				02979AB127C8184700C11252 /* LaunchScreen.storyboard */,
				02979AAF27C8184700C11252 /* Assets.xcassets */,
			);
			path = Resources;
			sourceTree = "<group>";
		};
		02979ABE27C81B2200C11252 /* Core */ = {
			isa = PBXGroup;
			children = (
				02979AA527C8184500C11252 /* SceneDelegate.swift */,
			);
			path = Core;
			sourceTree = "<group>";
		};
		02979AC027C81B9000C11252 /* Services */ = {
			isa = PBXGroup;
			children = (
				02979AA327C8184500C11252 /* AppDelegate.swift */,
				02979AAC27C8184500C11252 /* Workshop_app.xcdatamodeld */,
			);
			path = Services;
			sourceTree = "<group>";
		};
		1BE8CD5DB3F7B9464FB039EC /* Frameworks */ = {
			isa = PBXGroup;
			children = (
				3B399B0EC259439426BEE5D9 /* Pods_Workshop_app.framework */,
			);
			name = Frameworks;
			sourceTree = "<group>";
		};
		595A041527C8C82E00ECC36E /* Scene */ = {
			isa = PBXGroup;
			children = (
				595A041127C8C81200ECC36E /* CategoriesTableViewController.swift */,
				595A041327C8C82800ECC36E /* OrdersTableViewController.swift */,
				595A041627C8C98800ECC36E /* MenuTableViewController.swift */,
			);
			path = Scene;
			sourceTree = "<group>";
		};
		595A041A27C8CB2F00ECC36E /* Networking */ = {
			isa = PBXGroup;
			children = (
				595A041827C8CB2C00ECC36E /* MenuController.swift */,
			);
			path = Networking;
			sourceTree = "<group>";
		};
		D553B4AE8E2655A08D33BE5F /* Pods */ = {
			isa = PBXGroup;
			children = (
				9DE23014358B5C9BCC0E0DCB /* Pods-Workshop app.debug.xcconfig */,
				F0D025A1B9D7434F867AC6CC /* Pods-Workshop app.release.xcconfig */,
			);
			path = Pods;
			sourceTree = "<group>";
		};
/* End PBXGroup section */

/* Begin PBXNativeTarget section */
		02979A9F27C8184500C11252 /* Workshop app */ = {
			isa = PBXNativeTarget;
			buildConfigurationList = 02979AB727C8184700C11252 /* Build configuration list for PBXNativeTarget "Workshop app" */;
			buildPhases = (
				CCFE7531CD1271162A60FF65 /* [CP] Check Pods Manifest.lock */,
				02979A9C27C8184500C11252 /* Sources */,
				02979A9D27C8184500C11252 /* Frameworks */,
				02979A9E27C8184500C11252 /* Resources */,
				A7A0CE9CB98EA32B1AF6557E /* [CP] Embed Pods Frameworks */,
			);
			buildRules = (
			);
			dependencies = (
			);
			name = "Workshop app";
			productName = "Workshop app";
			productReference = 02979AA027C8184500C11252 /* Workshop app.app */;
			productType = "com.apple.product-type.application";
		};
/* End PBXNativeTarget section */

/* Begin PBXProject section */
		02979A9827C8184500C11252 /* Project object */ = {
			isa = PBXProject;
			attributes = {
				LastSwiftUpdateCheck = 1130;
				LastUpgradeCheck = 1130;
				ORGANIZATIONNAME = esraa;
				TargetAttributes = {
					02979A9F27C8184500C11252 = {
						CreatedOnToolsVersion = 11.3.1;
					};
				};
			};
			buildConfigurationList = 02979A9B27C8184500C11252 /* Build configuration list for PBXProject "Workshop app" */;
			compatibilityVersion = "Xcode 9.3";
			developmentRegion = en;
			hasScannedForEncodings = 0;
			knownRegions = (
				en,
				Base,
			);
			mainGroup = 02979A9727C8184500C11252;
			productRefGroup = 02979AA127C8184500C11252 /* Products */;
			projectDirPath = "";
			projectRoot = "";
			targets = (
				02979A9F27C8184500C11252 /* Workshop app */,
			);
		};
/* End PBXProject section */

/* Begin PBXResourcesBuildPhase section */
		02979A9E27C8184500C11252 /* Resources */ = {
			isa = PBXResourcesBuildPhase;
			buildActionMask = 2147483647;
			files = (
				02979AB327C8184700C11252 /* LaunchScreen.storyboard in Resources */,
				02979AB027C8184700C11252 /* Assets.xcassets in Resources */,
				02979AAB27C8184500C11252 /* Main.storyboard in Resources */,
			);
			runOnlyForDeploymentPostprocessing = 0;
		};
/* End PBXResourcesBuildPhase section */

/* Begin PBXShellScriptBuildPhase section */
		A7A0CE9CB98EA32B1AF6557E /* [CP] Embed Pods Frameworks */ = {
			isa = PBXShellScriptBuildPhase;
			buildActionMask = 2147483647;
			files = (
			);
			inputFileListPaths = (
				"${PODS_ROOT}/Target Support Files/Pods-Workshop app/Pods-Workshop app-frameworks-${CONFIGURATION}-input-files.xcfilelist",
			);
			name = "[CP] Embed Pods Frameworks";
			outputFileListPaths = (
				"${PODS_ROOT}/Target Support Files/Pods-Workshop app/Pods-Workshop app-frameworks-${CONFIGURATION}-output-files.xcfilelist",
			);
			runOnlyForDeploymentPostprocessing = 0;
			shellPath = /bin/sh;
			shellScript = "\"${PODS_ROOT}/Target Support Files/Pods-Workshop app/Pods-Workshop app-frameworks.sh\"\n";
			showEnvVarsInLog = 0;
		};
		CCFE7531CD1271162A60FF65 /* [CP] Check Pods Manifest.lock */ = {
			isa = PBXShellScriptBuildPhase;
			buildActionMask = 2147483647;
			files = (
			);
			inputFileListPaths = (
			);
			inputPaths = (
				"${PODS_PODFILE_DIR_PATH}/Podfile.lock",
				"${PODS_ROOT}/Manifest.lock",
			);
			name = "[CP] Check Pods Manifest.lock";
			outputFileListPaths = (
			);
			outputPaths = (
				"$(DERIVED_FILE_DIR)/Pods-Workshop app-checkManifestLockResult.txt",
			);
			runOnlyForDeploymentPostprocessing = 0;
			shellPath = /bin/sh;
			shellScript = "diff \"${PODS_PODFILE_DIR_PATH}/Podfile.lock\" \"${PODS_ROOT}/Manifest.lock\" > /dev/null\nif [ $? != 0 ] ; then\n    # print error to STDERR\n    echo \"error: The sandbox is not in sync with the Podfile.lock. Run 'pod install' or update your CocoaPods installation.\" >&2\n    exit 1\nfi\n# This output is used by Xcode 'outputs' to avoid re-running this script phase.\necho \"SUCCESS\" > \"${SCRIPT_OUTPUT_FILE_0}\"\n";
			showEnvVarsInLog = 0;
		};
/* End PBXShellScriptBuildPhase section */

/* Begin PBXSourcesBuildPhase section */
		02979A9C27C8184500C11252 /* Sources */ = {
			isa = PBXSourcesBuildPhase;
			buildActionMask = 2147483647;
			files = (
				595A041427C8C82800ECC36E /* OrdersTableViewController.swift in Sources */,
				02979AA827C8184500C11252 /* ViewController.swift in Sources */,
				595A041727C8C98800ECC36E /* MenuTableViewController.swift in Sources */,
				02979AA427C8184500C11252 /* AppDelegate.swift in Sources */,
				595A041927C8CB2C00ECC36E /* MenuController.swift in Sources */,
				595A040A27C8BE3A00ECC36E /* MenuResponse.swift in Sources */,
				595A041027C8C63800ECC36E /* OrderResponse.swift in Sources */,
				595A040E27C8C16100ECC36E /* Order.swift in Sources */,
				595A040C27C8BE8400ECC36E /* CategoriesResponse.swift in Sources */,
				595A041227C8C81200ECC36E /* CategoriesTableViewController.swift in Sources */,
				02979AAE27C8184500C11252 /* Workshop_app.xcdatamodeld in Sources */,
				02979AA627C8184500C11252 /* SceneDelegate.swift in Sources */,
			);
			runOnlyForDeploymentPostprocessing = 0;
		};
/* End PBXSourcesBuildPhase section */

/* Begin PBXVariantGroup section */
		02979AA927C8184500C11252 /* Main.storyboard */ = {
			isa = PBXVariantGroup;
			children = (
				02979AAA27C8184500C11252 /* Base */,
			);
			name = Main.storyboard;
			sourceTree = "<group>";
		};
		02979AB127C8184700C11252 /* LaunchScreen.storyboard */ = {
			isa = PBXVariantGroup;
			children = (
				02979AB227C8184700C11252 /* Base */,
			);
			name = LaunchScreen.storyboard;
			sourceTree = "<group>";
		};
/* End PBXVariantGroup section */

/* Begin XCBuildConfiguration section */
		02979AB527C8184700C11252 /* Debug */ = {
			isa = XCBuildConfiguration;
			buildSettings = {
				ALWAYS_SEARCH_USER_PATHS = NO;
				CLANG_ANALYZER_NONNULL = YES;
				CLANG_ANALYZER_NUMBER_OBJECT_CONVERSION = YES_AGGRESSIVE;
				CLANG_CXX_LANGUAGE_STANDARD = "gnu++14";
				CLANG_CXX_LIBRARY = "libc++";
				CLANG_ENABLE_MODULES = YES;
				CLANG_ENABLE_OBJC_ARC = YES;
				CLANG_ENABLE_OBJC_WEAK = YES;
				CLANG_WARN_BLOCK_CAPTURE_AUTORELEASING = YES;
				CLANG_WARN_BOOL_CONVERSION = YES;
				CLANG_WARN_COMMA = YES;
				CLANG_WARN_CONSTANT_CONVERSION = YES;
				CLANG_WARN_DEPRECATED_OBJC_IMPLEMENTATIONS = YES;
				CLANG_WARN_DIRECT_OBJC_ISA_USAGE = YES_ERROR;
				CLANG_WARN_DOCUMENTATION_COMMENTS = YES;
				CLANG_WARN_EMPTY_BODY = YES;
				CLANG_WARN_ENUM_CONVERSION = YES;
				CLANG_WARN_INFINITE_RECURSION = YES;
				CLANG_WARN_INT_CONVERSION = YES;
				CLANG_WARN_NON_LITERAL_NULL_CONVERSION = YES;
				CLANG_WARN_OBJC_IMPLICIT_RETAIN_SELF = YES;
				CLANG_WARN_OBJC_LITERAL_CONVERSION = YES;
				CLANG_WARN_OBJC_ROOT_CLASS = YES_ERROR;
				CLANG_WARN_RANGE_LOOP_ANALYSIS = YES;
				CLANG_WARN_STRICT_PROTOTYPES = YES;
				CLANG_WARN_SUSPICIOUS_MOVE = YES;
				CLANG_WARN_UNGUARDED_AVAILABILITY = YES_AGGRESSIVE;
				CLANG_WARN_UNREACHABLE_CODE = YES;
				CLANG_WARN__DUPLICATE_METHOD_MATCH = YES;
				COPY_PHASE_STRIP = NO;
				DEBUG_INFORMATION_FORMAT = dwarf;
				ENABLE_STRICT_OBJC_MSGSEND = YES;
				ENABLE_TESTABILITY = YES;
				GCC_C_LANGUAGE_STANDARD = gnu11;
				GCC_DYNAMIC_NO_PIC = NO;
				GCC_NO_COMMON_BLOCKS = YES;
				GCC_OPTIMIZATION_LEVEL = 0;
				GCC_PREPROCESSOR_DEFINITIONS = (
					"DEBUG=1",
					"$(inherited)",
				);
				GCC_WARN_64_TO_32_BIT_CONVERSION = YES;
				GCC_WARN_ABOUT_RETURN_TYPE = YES_ERROR;
				GCC_WARN_UNDECLARED_SELECTOR = YES;
				GCC_WARN_UNINITIALIZED_AUTOS = YES_AGGRESSIVE;
				GCC_WARN_UNUSED_FUNCTION = YES;
				GCC_WARN_UNUSED_VARIABLE = YES;
				IPHONEOS_DEPLOYMENT_TARGET = 13.2;
				MTL_ENABLE_DEBUG_INFO = INCLUDE_SOURCE;
				MTL_FAST_MATH = YES;
				ONLY_ACTIVE_ARCH = YES;
				SDKROOT = iphoneos;
				SWIFT_ACTIVE_COMPILATION_CONDITIONS = DEBUG;
				SWIFT_OPTIMIZATION_LEVEL = "-Onone";
			};
			name = Debug;
		};
		02979AB627C8184700C11252 /* Release */ = {
			isa = XCBuildConfiguration;
			buildSettings = {
				ALWAYS_SEARCH_USER_PATHS = NO;
				CLANG_ANALYZER_NONNULL = YES;
				CLANG_ANALYZER_NUMBER_OBJECT_CONVERSION = YES_AGGRESSIVE;
				CLANG_CXX_LANGUAGE_STANDARD = "gnu++14";
				CLANG_CXX_LIBRARY = "libc++";
				CLANG_ENABLE_MODULES = YES;
				CLANG_ENABLE_OBJC_ARC = YES;
				CLANG_ENABLE_OBJC_WEAK = YES;
				CLANG_WARN_BLOCK_CAPTURE_AUTORELEASING = YES;
				CLANG_WARN_BOOL_CONVERSION = YES;
				CLANG_WARN_COMMA = YES;
				CLANG_WARN_CONSTANT_CONVERSION = YES;
				CLANG_WARN_DEPRECATED_OBJC_IMPLEMENTATIONS = YES;
				CLANG_WARN_DIRECT_OBJC_ISA_USAGE = YES_ERROR;
				CLANG_WARN_DOCUMENTATION_COMMENTS = YES;
				CLANG_WARN_EMPTY_BODY = YES;
				CLANG_WARN_ENUM_CONVERSION = YES;
				CLANG_WARN_INFINITE_RECURSION = YES;
				CLANG_WARN_INT_CONVERSION = YES;
				CLANG_WARN_NON_LITERAL_NULL_CONVERSION = YES;
				CLANG_WARN_OBJC_IMPLICIT_RETAIN_SELF = YES;
				CLANG_WARN_OBJC_LITERAL_CONVERSION = YES;
				CLANG_WARN_OBJC_ROOT_CLASS = YES_ERROR;
				CLANG_WARN_RANGE_LOOP_ANALYSIS = YES;
				CLANG_WARN_STRICT_PROTOTYPES = YES;
				CLANG_WARN_SUSPICIOUS_MOVE = YES;
				CLANG_WARN_UNGUARDED_AVAILABILITY = YES_AGGRESSIVE;
				CLANG_WARN_UNREACHABLE_CODE = YES;
				CLANG_WARN__DUPLICATE_METHOD_MATCH = YES;
				COPY_PHASE_STRIP = NO;
				DEBUG_INFORMATION_FORMAT = "dwarf-with-dsym";
				ENABLE_NS_ASSERTIONS = NO;
				ENABLE_STRICT_OBJC_MSGSEND = YES;
				GCC_C_LANGUAGE_STANDARD = gnu11;
				GCC_NO_COMMON_BLOCKS = YES;
				GCC_WARN_64_TO_32_BIT_CONVERSION = YES;
				GCC_WARN_ABOUT_RETURN_TYPE = YES_ERROR;
				GCC_WARN_UNDECLARED_SELECTOR = YES;
				GCC_WARN_UNINITIALIZED_AUTOS = YES_AGGRESSIVE;
				GCC_WARN_UNUSED_FUNCTION = YES;
				GCC_WARN_UNUSED_VARIABLE = YES;
				IPHONEOS_DEPLOYMENT_TARGET = 13.2;
				MTL_ENABLE_DEBUG_INFO = NO;
				MTL_FAST_MATH = YES;
				SDKROOT = iphoneos;
				SWIFT_COMPILATION_MODE = wholemodule;
				SWIFT_OPTIMIZATION_LEVEL = "-O";
				VALIDATE_PRODUCT = YES;
			};
			name = Release;
		};
		02979AB827C8184700C11252 /* Debug */ = {
			isa = XCBuildConfiguration;
			baseConfigurationReference = 9DE23014358B5C9BCC0E0DCB /* Pods-Workshop app.debug.xcconfig */;
			buildSettings = {
				ASSETCATALOG_COMPILER_APPICON_NAME = AppIcon;
				CODE_SIGN_STYLE = Automatic;
				INFOPLIST_FILE = "Workshop app/Info.plist";
				LD_RUNPATH_SEARCH_PATHS = (
					"$(inherited)",
					"@executable_path/Frameworks",
				);
				PRODUCT_BUNDLE_IDENTIFIER = "mian.Workshop-app";
				PRODUCT_NAME = "$(TARGET_NAME)";
				SWIFT_VERSION = 5.0;
				TARGETED_DEVICE_FAMILY = "1,2";
			};
			name = Debug;
		};
		02979AB927C8184700C11252 /* Release */ = {
			isa = XCBuildConfiguration;
			baseConfigurationReference = F0D025A1B9D7434F867AC6CC /* Pods-Workshop app.release.xcconfig */;
			buildSettings = {
				ASSETCATALOG_COMPILER_APPICON_NAME = AppIcon;
				CODE_SIGN_STYLE = Automatic;
				INFOPLIST_FILE = "Workshop app/Info.plist";
				LD_RUNPATH_SEARCH_PATHS = (
					"$(inherited)",
					"@executable_path/Frameworks",
				);
				PRODUCT_BUNDLE_IDENTIFIER = "mian.Workshop-app";
				PRODUCT_NAME = "$(TARGET_NAME)";
				SWIFT_VERSION = 5.0;
				TARGETED_DEVICE_FAMILY = "1,2";
			};
			name = Release;
		};
/* End XCBuildConfiguration section */

/* Begin XCConfigurationList section */
		02979A9B27C8184500C11252 /* Build configuration list for PBXProject "Workshop app" */ = {
			isa = XCConfigurationList;
			buildConfigurations = (
				02979AB527C8184700C11252 /* Debug */,
				02979AB627C8184700C11252 /* Release */,
			);
			defaultConfigurationIsVisible = 0;
			defaultConfigurationName = Release;
		};
		02979AB727C8184700C11252 /* Build configuration list for PBXNativeTarget "Workshop app" */ = {
			isa = XCConfigurationList;
			buildConfigurations = (
				02979AB827C8184700C11252 /* Debug */,
				02979AB927C8184700C11252 /* Release */,
			);
			defaultConfigurationIsVisible = 0;
			defaultConfigurationName = Release;
		};
/* End XCConfigurationList section */

/* Begin XCVersionGroup section */
		02979AAC27C8184500C11252 /* Workshop_app.xcdatamodeld */ = {
			isa = XCVersionGroup;
			children = (
				02979AAD27C8184500C11252 /* Workshop_app.xcdatamodel */,
			);
			currentVersion = 02979AAD27C8184500C11252 /* Workshop_app.xcdatamodel */;
			path = Workshop_app.xcdatamodeld;
			sourceTree = "<group>";
			versionGroupType = wrapper.xcdatamodel;
		};
/* End XCVersionGroup section */
	};
	rootObject = 02979A9827C8184500C11252 /* Project object */;
}
